
Microsoft Visual Studio Solution File, Format Version 12.00
Project("{FAE04EC0-301F-11D3-BF4B-00C04F79EFBC}") = "ListToDo.UI", "ListToDo.UI\ListToDo.UI.csproj", "{083A30BD-7C1A-4789-BB4F-BD2A0A182027}"
EndProject
Project("{FAE04EC0-301F-11D3-BF4B-00C04F79EFBC}") = "ListToDo.DAL", "ListToDo.DAL\ListToDo.DAL.csproj", "{1E1273B3-6184-4646-A7A5-1C7AF65849C6}"
EndProject
Project("{FAE04EC0-301F-11D3-BF4B-00C04F79EFBC}") = "ListToDo.Models", "ListToDo.Models\ListToDo.Models.csproj", "{20BBD482-7326-42BF-86A0-1E4DCEF2DC70}"
EndProject
Project("{2150E333-8FDC-42A3-9474-1A3956D46DE8}") = "others", "others", "{A8802791-6EFA-42A7-9BC8-128451997E40}"
	ProjectSection(SolutionItems) = preProject
		.gitignore = .gitignore
		database\compose.yml = database\compose.yml
		database\.env = database\.env
	EndProjectSection
EndProject
Project("{FAE04EC0-301F-11D3-BF4B-00C04F79EFBC}") = "ListToDo.BLL", "ListToDo.BLL\ListToDo.BLL.csproj", "{584B452A-F40C-46AE-BE4C-D28CFFCF2C0C}"
EndProject
Global
	GlobalSection(SolutionConfigurationPlatforms) = preSolution
		Debug|Any CPU = Debug|Any CPU
		Release|Any CPU = Release|Any CPU
	EndGlobalSection
	GlobalSection(ProjectConfigurationPlatforms) = postSolution
		{083A30BD-7C1A-4789-BB4F-BD2A0A182027}.Debug|Any CPU.ActiveCfg = Debug|Any CPU
		{083A30BD-7C1A-4789-BB4F-BD2A0A182027}.Debug|Any CPU.Build.0 = Debug|Any CPU
		{083A30BD-7C1A-4789-BB4F-BD2A0A182027}.Release|Any CPU.ActiveCfg = Release|Any CPU
		{083A30BD-7C1A-4789-BB4F-BD2A0A182027}.Release|Any CPU.Build.0 = Release|Any CPU
		{1E1273B3-6184-4646-A7A5-1C7AF65849C6}.Debug|Any CPU.ActiveCfg = Debug|Any CPU
		{1E1273B3-6184-4646-A7A5-1C7AF65849C6}.Debug|Any CPU.Build.0 = Debug|Any CPU
		{1E1273B3-6184-4646-A7A5-1C7AF65849C6}.Release|Any CPU.ActiveCfg = Release|Any CPU
		{1E1273B3-6184-4646-A7A5-1C7AF65849C6}.Release|Any CPU.Build.0 = Release|Any CPU
		{20BBD482-7326-42BF-86A0-1E4DCEF2DC70}.Debug|Any CPU.ActiveCfg = Debug|Any CPU
		{20BBD482-7326-42BF-86A0-1E4DCEF2DC70}.Debug|Any CPU.Build.0 = Debug|Any CPU
		{20BBD482-7326-42BF-86A0-1E4DCEF2DC70}.Release|Any CPU.ActiveCfg = Release|Any CPU
		{20BBD482-7326-42BF-86A0-1E4DCEF2DC70}.Release|Any CPU.Build.0 = Release|Any CPU
		{584B452A-F40C-46AE-BE4C-D28CFFCF2C0C}.Debug|Any CPU.ActiveCfg = Debug|Any CPU
		{584B452A-F40C-46AE-BE4C-D28CFFCF2C0C}.Debug|Any CPU.Build.0 = Debug|Any CPU
		{584B452A-F40C-46AE-BE4C-D28CFFCF2C0C}.Release|Any CPU.ActiveCfg = Release|Any CPU
		{584B452A-F40C-46AE-BE4C-D28CFFCF2C0C}.Release|Any CPU.Build.0 = Release|Any CPU
	EndGlobalSection
EndGlobal
